
Microsoft Visual Studio Solution File, Format Version 12.00
# Visual Studio Version 17
VisualStudioVersion = 17.0.32014.148
MinimumVisualStudioVersion = 10.0.40219.1
Project("{2150E333-8FDC-42A3-9474-1A3956D46DE8}") = "src", "src", "{43C04655-C819-4FBB-A759-1F8E738489EC}"
EndProject
Project("{2150E333-8FDC-42A3-9474-1A3956D46DE8}") = "Core", "Core", "{7CABC833-E660-41C4-89BE-9427E116C26C}"
EndProject
Project("{2150E333-8FDC-42A3-9474-1A3956D46DE8}") = "Infraestructure", "Infraestructure", "{A57D52DF-8C6E-4776-BC55-4C30D19E6E47}"
EndProject
Project("{FAE04EC0-301F-11D3-BF4B-00C04F79EFBC}") = "Application", "Application\Application.csproj", "{90F811F7-4011-4E5F-9AA1-D0CA4C687484}"
EndProject
Project("{FAE04EC0-301F-11D3-BF4B-00C04F79EFBC}") = "Domain", "Domain\Domain.csproj", "{959C5A2A-FE14-4B09-A1C6-A0B2FE0B2137}"
EndProject
Project("{FAE04EC0-301F-11D3-BF4B-00C04F79EFBC}") = "Persistence", "Persistence\Persistence.csproj", "{0D4717B7-5272-4D5F-830D-3174A7476621}"
EndProject
Project("{FAE04EC0-301F-11D3-BF4B-00C04F79EFBC}") = "Shared", "Shared\Shared.csproj", "{7DAC6C88-D2DA-48C6-A9DE-82B5C7337E15}"
EndProject
Project("{2150E333-8FDC-42A3-9474-1A3956D46DE8}") = "Presentation", "Presentation", "{40B5526D-C5F6-47E3-8A08-00B9F3813719}"
EndProject
Project("{FAE04EC0-301F-11D3-BF4B-00C04F79EFBC}") = "WebAPI", "WebAPI\WebAPI.csproj", "{A6576E3E-227D-45C3-83EF-16F3E4AB2A9A}"
EndProject
Global
	GlobalSection(SolutionConfigurationPlatforms) = preSolution
		Debug|Any CPU = Debug|Any CPU
		Release|Any CPU = Release|Any CPU
	EndGlobalSection
	GlobalSection(ProjectConfigurationPlatforms) = postSolution
		{90F811F7-4011-4E5F-9AA1-D0CA4C687484}.Debug|Any CPU.ActiveCfg = Debug|Any CPU
		{90F811F7-4011-4E5F-9AA1-D0CA4C687484}.Debug|Any CPU.Build.0 = Debug|Any CPU
		{90F811F7-4011-4E5F-9AA1-D0CA4C687484}.Release|Any CPU.ActiveCfg = Release|Any CPU
		{90F811F7-4011-4E5F-9AA1-D0CA4C687484}.Release|Any CPU.Build.0 = Release|Any CPU
		{959C5A2A-FE14-4B09-A1C6-A0B2FE0B2137}.Debug|Any CPU.ActiveCfg = Debug|Any CPU
		{959C5A2A-FE14-4B09-A1C6-A0B2FE0B2137}.Debug|Any CPU.Build.0 = Debug|Any CPU
		{959C5A2A-FE14-4B09-A1C6-A0B2FE0B2137}.Release|Any CPU.ActiveCfg = Release|Any CPU
		{959C5A2A-FE14-4B09-A1C6-A0B2FE0B2137}.Release|Any CPU.Build.0 = Release|Any CPU
		{0D4717B7-5272-4D5F-830D-3174A7476621}.Debug|Any CPU.ActiveCfg = Debug|Any CPU
		{0D4717B7-5272-4D5F-830D-3174A7476621}.Debug|Any CPU.Build.0 = Debug|Any CPU
		{0D4717B7-5272-4D5F-830D-3174A7476621}.Release|Any CPU.ActiveCfg = Release|Any CPU
		{0D4717B7-5272-4D5F-830D-3174A7476621}.Release|Any CPU.Build.0 = Release|Any CPU
		{7DAC6C88-D2DA-48C6-A9DE-82B5C7337E15}.Debug|Any CPU.ActiveCfg = Debug|Any CPU
		{7DAC6C88-D2DA-48C6-A9DE-82B5C7337E15}.Debug|Any CPU.Build.0 = Debug|Any CPU
		{7DAC6C88-D2DA-48C6-A9DE-82B5C7337E15}.Release|Any CPU.ActiveCfg = Release|Any CPU
		{7DAC6C88-D2DA-48C6-A9DE-82B5C7337E15}.Release|Any CPU.Build.0 = Release|Any CPU
		{A6576E3E-227D-45C3-83EF-16F3E4AB2A9A}.Debug|Any CPU.ActiveCfg = Debug|Any CPU
		{A6576E3E-227D-45C3-83EF-16F3E4AB2A9A}.Debug|Any CPU.Build.0 = Debug|Any CPU
		{A6576E3E-227D-45C3-83EF-16F3E4AB2A9A}.Release|Any CPU.ActiveCfg = Release|Any CPU
		{A6576E3E-227D-45C3-83EF-16F3E4AB2A9A}.Release|Any CPU.Build.0 = Release|Any CPU
	EndGlobalSection
	GlobalSection(SolutionProperties) = preSolution
		HideSolutionNode = FALSE
	EndGlobalSection
	GlobalSection(NestedProjects) = preSolution
		{7CABC833-E660-41C4-89BE-9427E116C26C} = {43C04655-C819-4FBB-A759-1F8E738489EC}
		{A57D52DF-8C6E-4776-BC55-4C30D19E6E47} = {43C04655-C819-4FBB-A759-1F8E738489EC}
		{90F811F7-4011-4E5F-9AA1-D0CA4C687484} = {7CABC833-E660-41C4-89BE-9427E116C26C}
		{959C5A2A-FE14-4B09-A1C6-A0B2FE0B2137} = {7CABC833-E660-41C4-89BE-9427E116C26C}
		{0D4717B7-5272-4D5F-830D-3174A7476621} = {A57D52DF-8C6E-4776-BC55-4C30D19E6E47}
		{7DAC6C88-D2DA-48C6-A9DE-82B5C7337E15} = {A57D52DF-8C6E-4776-BC55-4C30D19E6E47}
		{40B5526D-C5F6-47E3-8A08-00B9F3813719} = {43C04655-C819-4FBB-A759-1F8E738489EC}
		{A6576E3E-227D-45C3-83EF-16F3E4AB2A9A} = {40B5526D-C5F6-47E3-8A08-00B9F3813719}
	EndGlobalSection
	GlobalSection(ExtensibilityGlobals) = postSolution
		SolutionGuid = {D639D8A8-8A21-498A-9EB9-63F61BD2708E}
	EndGlobalSection
EndGlobal
